
Microsoft Visual Studio Solution File, Format Version 12.00
# Visual Studio Version 17
VisualStudioVersion = 17.9.34714.143
MinimumVisualStudioVersion = 10.0.40219.1
Project("{FAE04EC0-301F-11D3-BF4B-00C04F79EFBC}") = "TheDailyWtf", "TheDailyWtf\TheDailyWtf.csproj", "{C7C16C09-33E6-4083-9FFD-8E014696591C}"
EndProject
Project("{2150E333-8FDC-42A3-9474-1A3956D46DE8}") = "Lib", "Lib", "{9870781E-D72A-4521-8656-D1BC74FD8F1C}"
	ProjectSection(SolutionItems) = preProject
		Lib\InedoLib.dll = Lib\InedoLib.dll
		Lib\InedoLibLoupe.dll = Lib\InedoLibLoupe.dll
	EndProjectSection
EndProject
Global
	GlobalSection(SolutionConfigurationPlatforms) = preSolution
		Debug|Any CPU = Debug|Any CPU
		Release|Any CPU = Release|Any CPU
	EndGlobalSection
	GlobalSection(ProjectConfigurationPlatforms) = postSolution
		{C7C16C09-33E6-4083-9FFD-8E014696591C}.Debug|Any CPU.ActiveCfg = Debug|Any CPU
		{C7C16C09-33E6-4083-9FFD-8E014696591C}.Debug|Any CPU.Build.0 = Debug|Any CPU
		{C7C16C09-33E6-4083-9FFD-8E014696591C}.Release|Any CPU.ActiveCfg = Release|Any CPU
		{C7C16C09-33E6-4083-9FFD-8E014696591C}.Release|Any CPU.Build.0 = Release|Any CPU
	EndGlobalSection
	GlobalSection(SolutionProperties) = preSolution
		HideSolutionNode = FALSE
	EndGlobalSection
	GlobalSection(ExtensibilityGlobals) = postSolution
		SolutionGuid = {9D260951-1BC6-41B0-AF24-DFBF0AFD5053}
	EndGlobalSection
EndGlobal
